// !$*UTF8*$!
{
	archiveVersion = 1;
	classes = {
	};
	objectVersion = 56;
	objects = {

/* Begin PBXBuildFile section */
		05F070D3290FE9F60041966F /* AppDelegate.swift in Sources */ = {isa = PBXBuildFile; fileRef = 05F070D2290FE9F60041966F /* AppDelegate.swift */; };
		05F070D5290FE9F60041966F /* SceneDelegate.swift in Sources */ = {isa = PBXBuildFile; fileRef = 05F070D4290FE9F60041966F /* SceneDelegate.swift */; };
		05F070D7290FE9F60041966F /* ViewController.swift in Sources */ = {isa = PBXBuildFile; fileRef = 05F070D6290FE9F60041966F /* ViewController.swift */; };
		05F070DA290FE9F60041966F /* Main.storyboard in Resources */ = {isa = PBXBuildFile; fileRef = 05F070D8290FE9F60041966F /* Main.storyboard */; };
		05F070DC290FE9F60041966F /* Assets.xcassets in Resources */ = {isa = PBXBuildFile; fileRef = 05F070DB290FE9F60041966F /* Assets.xcassets */; };
		05F070DF290FE9F60041966F /* LaunchScreen.storyboard in Resources */ = {isa = PBXBuildFile; fileRef = 05F070DD290FE9F60041966F /* LaunchScreen.storyboard */; };
		05F070EA290FE9F60041966F /* HchatTests.swift in Sources */ = {isa = PBXBuildFile; fileRef = 05F070E9290FE9F60041966F /* HchatTests.swift */; };
		05F070F4290FE9F60041966F /* HchatUITests.swift in Sources */ = {isa = PBXBuildFile; fileRef = 05F070F3290FE9F60041966F /* HchatUITests.swift */; };
		05F070F6290FE9F60041966F /* HchatUITestsLaunchTests.swift in Sources */ = {isa = PBXBuildFile; fileRef = 05F070F5290FE9F60041966F /* HchatUITestsLaunchTests.swift */; };
		05F07103290FEA3A0041966F /* RegisterViewController.swift in Sources */ = {isa = PBXBuildFile; fileRef = 05F07102290FEA3A0041966F /* RegisterViewController.swift */; };
		05F07105290FEA420041966F /* LoginViewController.swift in Sources */ = {isa = PBXBuildFile; fileRef = 05F07104290FEA420041966F /* LoginViewController.swift */; };
		05F07107290FEA480041966F /* ChatViewController.swift in Sources */ = {isa = PBXBuildFile; fileRef = 05F07106290FEA480041966F /* ChatViewController.swift */; };
		05F0716B29102D570041966F /* FirebaseAuth in Frameworks */ = {isa = PBXBuildFile; productRef = 05F0716A29102D570041966F /* FirebaseAuth */; };
		05F0716D29102D570041966F /* FirebaseAuthCombine-Community in Frameworks */ = {isa = PBXBuildFile; productRef = 05F0716C29102D570041966F /* FirebaseAuthCombine-Community */; };
		05F0716F29102D570041966F /* FirebaseDatabase in Frameworks */ = {isa = PBXBuildFile; productRef = 05F0716E29102D570041966F /* FirebaseDatabase */; };
		05F0717129102D570041966F /* FirebaseFirestore in Frameworks */ = {isa = PBXBuildFile; productRef = 05F0717029102D570041966F /* FirebaseFirestore */; };
		05F0717329102EA70041966F /* GoogleService-Info.plist in Resources */ = {isa = PBXBuildFile; fileRef = 05F0717229102EA70041966F /* GoogleService-Info.plist */; };
		05F0717529103B4E0041966F /* Constants.swift in Sources */ = {isa = PBXBuildFile; fileRef = 05F0717429103B4E0041966F /* Constants.swift */; };
		05F0717729103E180041966F /* Message.swift in Sources */ = {isa = PBXBuildFile; fileRef = 05F0717629103E180041966F /* Message.swift */; };
		05F0717E291049990041966F /* MessageCell.swift in Sources */ = {isa = PBXBuildFile; fileRef = 05F0717C291049990041966F /* MessageCell.swift */; };
		05F0717F291049990041966F /* MessageCell.xib in Resources */ = {isa = PBXBuildFile; fileRef = 05F0717D291049990041966F /* MessageCell.xib */; };
/* End PBXBuildFile section */

/* Begin PBXContainerItemProxy section */
		05F070E6290FE9F60041966F /* PBXContainerItemProxy */ = {
			isa = PBXContainerItemProxy;
			containerPortal = 05F070C7290FE9F60041966F /* Project object */;
			proxyType = 1;
			remoteGlobalIDString = 05F070CE290FE9F60041966F;
			remoteInfo = Hchat;
		};
		05F070F0290FE9F60041966F /* PBXContainerItemProxy */ = {
			isa = PBXContainerItemProxy;
			containerPortal = 05F070C7290FE9F60041966F /* Project object */;
			proxyType = 1;
			remoteGlobalIDString = 05F070CE290FE9F60041966F;
			remoteInfo = Hchat;
		};
/* End PBXContainerItemProxy section */

/* Begin PBXFileReference section */
		05F070CF290FE9F60041966F /* Hchat.app */ = {isa = PBXFileReference; explicitFileType = wrapper.application; includeInIndex = 0; path = Hchat.app; sourceTree = BUILT_PRODUCTS_DIR; };
		05F070D2290FE9F60041966F /* AppDelegate.swift */ = {isa = PBXFileReference; lastKnownFileType = sourcecode.swift; path = AppDelegate.swift; sourceTree = "<group>"; };
		05F070D4290FE9F60041966F /* SceneDelegate.swift */ = {isa = PBXFileReference; lastKnownFileType = sourcecode.swift; path = SceneDelegate.swift; sourceTree = "<group>"; };
		05F070D6290FE9F60041966F /* ViewController.swift */ = {isa = PBXFileReference; lastKnownFileType = sourcecode.swift; path = ViewController.swift; sourceTree = "<group>"; };
		05F070D9290FE9F60041966F /* Base */ = {isa = PBXFileReference; lastKnownFileType = file.storyboard; name = Base; path = Base.lproj/Main.storyboard; sourceTree = "<group>"; };
		05F070DB290FE9F60041966F /* Assets.xcassets */ = {isa = PBXFileReference; lastKnownFileType = folder.assetcatalog; path = Assets.xcassets; sourceTree = "<group>"; };
		05F070DE290FE9F60041966F /* Base */ = {isa = PBXFileReference; lastKnownFileType = file.storyboard; name = Base; path = Base.lproj/LaunchScreen.storyboard; sourceTree = "<group>"; };
		05F070E0290FE9F60041966F /* Info.plist */ = {isa = PBXFileReference; lastKnownFileType = text.plist.xml; path = Info.plist; sourceTree = "<group>"; };
		05F070E5290FE9F60041966F /* HchatTests.xctest */ = {isa = PBXFileReference; explicitFileType = wrapper.cfbundle; includeInIndex = 0; path = HchatTests.xctest; sourceTree = BUILT_PRODUCTS_DIR; };
		05F070E9290FE9F60041966F /* HchatTests.swift */ = {isa = PBXFileReference; lastKnownFileType = sourcecode.swift; path = HchatTests.swift; sourceTree = "<group>"; };
		05F070EF290FE9F60041966F /* HchatUITests.xctest */ = {isa = PBXFileReference; explicitFileType = wrapper.cfbundle; includeInIndex = 0; path = HchatUITests.xctest; sourceTree = BUILT_PRODUCTS_DIR; };
		05F070F3290FE9F60041966F /* HchatUITests.swift */ = {isa = PBXFileReference; lastKnownFileType = sourcecode.swift; path = HchatUITests.swift; sourceTree = "<group>"; };
		05F070F5290FE9F60041966F /* HchatUITestsLaunchTests.swift */ = {isa = PBXFileReference; lastKnownFileType = sourcecode.swift; path = HchatUITestsLaunchTests.swift; sourceTree = "<group>"; };
		05F07102290FEA3A0041966F /* RegisterViewController.swift */ = {isa = PBXFileReference; lastKnownFileType = sourcecode.swift; path = RegisterViewController.swift; sourceTree = "<group>"; };
		05F07104290FEA420041966F /* LoginViewController.swift */ = {isa = PBXFileReference; lastKnownFileType = sourcecode.swift; path = LoginViewController.swift; sourceTree = "<group>"; };
		05F07106290FEA480041966F /* ChatViewController.swift */ = {isa = PBXFileReference; lastKnownFileType = sourcecode.swift; path = ChatViewController.swift; sourceTree = "<group>"; };
		05F0717229102EA70041966F /* GoogleService-Info.plist */ = {isa = PBXFileReference; fileEncoding = 4; lastKnownFileType = text.plist.xml; path = "GoogleService-Info.plist"; sourceTree = "<group>"; };
		05F0717429103B4E0041966F /* Constants.swift */ = {isa = PBXFileReference; lastKnownFileType = sourcecode.swift; path = Constants.swift; sourceTree = "<group>"; };
		05F0717629103E180041966F /* Message.swift */ = {isa = PBXFileReference; lastKnownFileType = sourcecode.swift; path = Message.swift; sourceTree = "<group>"; };
		05F0717C291049990041966F /* MessageCell.swift */ = {isa = PBXFileReference; lastKnownFileType = sourcecode.swift; path = MessageCell.swift; sourceTree = "<group>"; };
		05F0717D291049990041966F /* MessageCell.xib */ = {isa = PBXFileReference; lastKnownFileType = file.xib; path = MessageCell.xib; sourceTree = "<group>"; };
/* End PBXFileReference section */

/* Begin PBXFrameworksBuildPhase section */
		05F070CC290FE9F60041966F /* Frameworks */ = {
			isa = PBXFrameworksBuildPhase;
			buildActionMask = 2147483647;
			files = (
				05F0716F29102D570041966F /* FirebaseDatabase in Frameworks */,
				05F0717129102D570041966F /* FirebaseFirestore in Frameworks */,
				05F0716B29102D570041966F /* FirebaseAuth in Frameworks */,
				05F0716D29102D570041966F /* FirebaseAuthCombine-Community in Frameworks */,
			);
			runOnlyForDeploymentPostprocessing = 0;
		};
		05F070E2290FE9F60041966F /* Frameworks */ = {
			isa = PBXFrameworksBuildPhase;
			buildActionMask = 2147483647;
			files = (
			);
			runOnlyForDeploymentPostprocessing = 0;
		};
		05F070EC290FE9F60041966F /* Frameworks */ = {
			isa = PBXFrameworksBuildPhase;
			buildActionMask = 2147483647;
			files = (
			);
			runOnlyForDeploymentPostprocessing = 0;
		};
/* End PBXFrameworksBuildPhase section */

/* Begin PBXGroup section */
		05F070C6290FE9F60041966F = {
			isa = PBXGroup;
			children = (
				05F070D1290FE9F60041966F /* Hchat */,
				05F070E8290FE9F60041966F /* HchatTests */,
				05F070F2290FE9F60041966F /* HchatUITests */,
				05F070D0290FE9F60041966F /* Products */,
			);
			sourceTree = "<group>";
		};
		05F070D0290FE9F60041966F /* Products */ = {
			isa = PBXGroup;
			children = (
				05F070CF290FE9F60041966F /* Hchat.app */,
				05F070E5290FE9F60041966F /* HchatTests.xctest */,
				05F070EF290FE9F60041966F /* HchatUITests.xctest */,
			);
			name = Products;
			sourceTree = "<group>";
		};
		05F070D1290FE9F60041966F /* Hchat */ = {
			isa = PBXGroup;
			children = (
				05F0710C290FEA5F0041966F /* Controller */,
				05F0710B290FEA5C0041966F /* View */,
				05F0710A290FEA580041966F /* Model */,
				05F070D2290FE9F60041966F /* AppDelegate.swift */,
				05F07106290FEA480041966F /* ChatViewController.swift */,
				05F070D8290FE9F60041966F /* Main.storyboard */,
				05F070D4290FE9F60041966F /* SceneDelegate.swift */,
				05F070DB290FE9F60041966F /* Assets.xcassets */,
				05F070DD290FE9F60041966F /* LaunchScreen.storyboard */,
				05F070E0290FE9F60041966F /* Info.plist */,
				05F0717229102EA70041966F /* GoogleService-Info.plist */,
			);
			path = Hchat;
			sourceTree = "<group>";
		};
		05F070E8290FE9F60041966F /* HchatTests */ = {
			isa = PBXGroup;
			children = (
				05F070E9290FE9F60041966F /* HchatTests.swift */,
			);
			path = HchatTests;
			sourceTree = "<group>";
		};
		05F070F2290FE9F60041966F /* HchatUITests */ = {
			isa = PBXGroup;
			children = (
				05F070F3290FE9F60041966F /* HchatUITests.swift */,
				05F070F5290FE9F60041966F /* HchatUITestsLaunchTests.swift */,
			);
			path = HchatUITests;
			sourceTree = "<group>";
		};
		05F0710A290FEA580041966F /* Model */ = {
			isa = PBXGroup;
			children = (
				05F0717629103E180041966F /* Message.swift */,
				05F0717429103B4E0041966F /* Constants.swift */,
			);
			path = Model;
			sourceTree = "<group>";
		};
		05F0710B290FEA5C0041966F /* View */ = {
			isa = PBXGroup;
			children = (
				05F0717C291049990041966F /* MessageCell.swift */,
				05F0717D291049990041966F /* MessageCell.xib */,
			);
			path = View;
			sourceTree = "<group>";
		};
		05F0710C290FEA5F0041966F /* Controller */ = {
			isa = PBXGroup;
			children = (
				05F070D6290FE9F60041966F /* ViewController.swift */,
				05F07102290FEA3A0041966F /* RegisterViewController.swift */,
				05F07104290FEA420041966F /* LoginViewController.swift */,
			);
			path = Controller;
			sourceTree = "<group>";
		};
/* End PBXGroup section */

/* Begin PBXNativeTarget section */
		05F070CE290FE9F60041966F /* Hchat */ = {
			isa = PBXNativeTarget;
			buildConfigurationList = 05F070F9290FE9F60041966F /* Build configuration list for PBXNativeTarget "Hchat" */;
			buildPhases = (
				05F070CB290FE9F60041966F /* Sources */,
				05F070CC290FE9F60041966F /* Frameworks */,
				05F070CD290FE9F60041966F /* Resources */,
			);
			buildRules = (
			);
			dependencies = (
			);
			name = Hchat;
			packageProductDependencies = (
				05F0716A29102D570041966F /* FirebaseAuth */,
				05F0716C29102D570041966F /* FirebaseAuthCombine-Community */,
				05F0716E29102D570041966F /* FirebaseDatabase */,
				05F0717029102D570041966F /* FirebaseFirestore */,
			);
			productName = Hchat;
			productReference = 05F070CF290FE9F60041966F /* Hchat.app */;
			productType = "com.apple.product-type.application";
		};
		05F070E4290FE9F60041966F /* HchatTests */ = {
			isa = PBXNativeTarget;
			buildConfigurationList = 05F070FC290FE9F60041966F /* Build configuration list for PBXNativeTarget "HchatTests" */;
			buildPhases = (
				05F070E1290FE9F60041966F /* Sources */,
				05F070E2290FE9F60041966F /* Frameworks */,
				05F070E3290FE9F60041966F /* Resources */,
			);
			buildRules = (
			);
			dependencies = (
				05F070E7290FE9F60041966F /* PBXTargetDependency */,
			);
			name = HchatTests;
			productName = HchatTests;
			productReference = 05F070E5290FE9F60041966F /* HchatTests.xctest */;
			productType = "com.apple.product-type.bundle.unit-test";
		};
		05F070EE290FE9F60041966F /* HchatUITests */ = {
			isa = PBXNativeTarget;
			buildConfigurationList = 05F070FF290FE9F60041966F /* Build configuration list for PBXNativeTarget "HchatUITests" */;
			buildPhases = (
				05F070EB290FE9F60041966F /* Sources */,
				05F070EC290FE9F60041966F /* Frameworks */,
				05F070ED290FE9F60041966F /* Resources */,
			);
			buildRules = (
			);
			dependencies = (
				05F070F1290FE9F60041966F /* PBXTargetDependency */,
			);
			name = HchatUITests;
			productName = HchatUITests;
			productReference = 05F070EF290FE9F60041966F /* HchatUITests.xctest */;
			productType = "com.apple.product-type.bundle.ui-testing";
		};
/* End PBXNativeTarget section */

/* Begin PBXProject section */
		05F070C7290FE9F60041966F /* Project object */ = {
			isa = PBXProject;
			attributes = {
				BuildIndependentTargetsInParallel = 1;
				LastSwiftUpdateCheck = 1400;
				LastUpgradeCheck = 1400;
				TargetAttributes = {
					05F070CE290FE9F60041966F = {
						CreatedOnToolsVersion = 14.0;
					};
					05F070E4290FE9F60041966F = {
						CreatedOnToolsVersion = 14.0;
						TestTargetID = 05F070CE290FE9F60041966F;
					};
					05F070EE290FE9F60041966F = {
						CreatedOnToolsVersion = 14.0;
						TestTargetID = 05F070CE290FE9F60041966F;
					};
				};
			};
			buildConfigurationList = 05F070CA290FE9F60041966F /* Build configuration list for PBXProject "Hchat" */;
			compatibilityVersion = "Xcode 14.0";
			developmentRegion = en;
			hasScannedForEncodings = 0;
			knownRegions = (
				en,
				Base,
			);
			mainGroup = 05F070C6290FE9F60041966F;
			packageReferences = (
				05F0716929102D570041966F /* XCRemoteSwiftPackageReference "firebase-ios-sdk" */,
			);
			productRefGroup = 05F070D0290FE9F60041966F /* Products */;
			projectDirPath = "";
			projectRoot = "";
			targets = (
				05F070CE290FE9F60041966F /* Hchat */,
				05F070E4290FE9F60041966F /* HchatTests */,
				05F070EE290FE9F60041966F /* HchatUITests */,
			);
		};
/* End PBXProject section */

/* Begin PBXResourcesBuildPhase section */
		05F070CD290FE9F60041966F /* Resources */ = {
			isa = PBXResourcesBuildPhase;
			buildActionMask = 2147483647;
			files = (
				05F0717F291049990041966F /* MessageCell.xib in Resources */,
				05F070DF290FE9F60041966F /* LaunchScreen.storyboard in Resources */,
				05F0717329102EA70041966F /* GoogleService-Info.plist in Resources */,
				05F070DC290FE9F60041966F /* Assets.xcassets in Resources */,
				05F070DA290FE9F60041966F /* Main.storyboard in Resources */,
			);
			runOnlyForDeploymentPostprocessing = 0;
		};
		05F070E3290FE9F60041966F /* Resources */ = {
			isa = PBXResourcesBuildPhase;
			buildActionMask = 2147483647;
			files = (
			);
			runOnlyForDeploymentPostprocessing = 0;
		};
		05F070ED290FE9F60041966F /* Resources */ = {
			isa = PBXResourcesBuildPhase;
			buildActionMask = 2147483647;
			files = (
			);
			runOnlyForDeploymentPostprocessing = 0;
		};
/* End PBXResourcesBuildPhase section */

/* Begin PBXSourcesBuildPhase section */
		05F070CB290FE9F60041966F /* Sources */ = {
			isa = PBXSourcesBuildPhase;
			buildActionMask = 2147483647;
			files = (
				05F070D7290FE9F60041966F /* ViewController.swift in Sources */,
				05F070D3290FE9F60041966F /* AppDelegate.swift in Sources */,
				05F070D5290FE9F60041966F /* SceneDelegate.swift in Sources */,
				05F0717729103E180041966F /* Message.swift in Sources */,
				05F07105290FEA420041966F /* LoginViewController.swift in Sources */,
				05F07107290FEA480041966F /* ChatViewController.swift in Sources */,
				05F07103290FEA3A0041966F /* RegisterViewController.swift in Sources */,
				05F0717529103B4E0041966F /* Constants.swift in Sources */,
				05F0717E291049990041966F /* MessageCell.swift in Sources */,
			);
			runOnlyForDeploymentPostprocessing = 0;
		};
		05F070E1290FE9F60041966F /* Sources */ = {
			isa = PBXSourcesBuildPhase;
			buildActionMask = 2147483647;
			files = (
				05F070EA290FE9F60041966F /* HchatTests.swift in Sources */,
			);
			runOnlyForDeploymentPostprocessing = 0;
		};
		05F070EB290FE9F60041966F /* Sources */ = {
			isa = PBXSourcesBuildPhase;
			buildActionMask = 2147483647;
			files = (
				05F070F4290FE9F60041966F /* HchatUITests.swift in Sources */,
				05F070F6290FE9F60041966F /* HchatUITestsLaunchTests.swift in Sources */,
			);
			runOnlyForDeploymentPostprocessing = 0;
		};
/* End PBXSourcesBuildPhase section */

/* Begin PBXTargetDependency section */
		05F070E7290FE9F60041966F /* PBXTargetDependency */ = {
			isa = PBXTargetDependency;
			target = 05F070CE290FE9F60041966F /* Hchat */;
			targetProxy = 05F070E6290FE9F60041966F /* PBXContainerItemProxy */;
		};
		05F070F1290FE9F60041966F /* PBXTargetDependency */ = {
			isa = PBXTargetDependency;
			target = 05F070CE290FE9F60041966F /* Hchat */;
			targetProxy = 05F070F0290FE9F60041966F /* PBXContainerItemProxy */;
		};
/* End PBXTargetDependency section */

/* Begin PBXVariantGroup section */
		05F070D8290FE9F60041966F /* Main.storyboard */ = {
			isa = PBXVariantGroup;
			children = (
				05F070D9290FE9F60041966F /* Base */,
			);
			name = Main.storyboard;
			sourceTree = "<group>";
		};
		05F070DD290FE9F60041966F /* LaunchScreen.storyboard */ = {
			isa = PBXVariantGroup;
			children = (
				05F070DE290FE9F60041966F /* Base */,
			);
			name = LaunchScreen.storyboard;
			sourceTree = "<group>";
		};
/* End PBXVariantGroup section */

/* Begin XCBuildConfiguration section */
		05F070F7290FE9F60041966F /* Debug */ = {
			isa = XCBuildConfiguration;
			buildSettings = {
				ALWAYS_SEARCH_USER_PATHS = NO;
				CLANG_ANALYZER_NONNULL = YES;
				CLANG_ANALYZER_NUMBER_OBJECT_CONVERSION = YES_AGGRESSIVE;
				CLANG_CXX_LANGUAGE_STANDARD = "gnu++20";
				CLANG_ENABLE_MODULES = YES;
				CLANG_ENABLE_OBJC_ARC = YES;
				CLANG_ENABLE_OBJC_WEAK = YES;
				CLANG_WARN_BLOCK_CAPTURE_AUTORELEASING = YES;
				CLANG_WARN_BOOL_CONVERSION = YES;
				CLANG_WARN_COMMA = YES;
				CLANG_WARN_CONSTANT_CONVERSION = YES;
				CLANG_WARN_DEPRECATED_OBJC_IMPLEMENTATIONS = YES;
				CLANG_WARN_DIRECT_OBJC_ISA_USAGE = YES_ERROR;
				CLANG_WARN_DOCUMENTATION_COMMENTS = YES;
				CLANG_WARN_EMPTY_BODY = YES;
				CLANG_WARN_ENUM_CONVERSION = YES;
				CLANG_WARN_INFINITE_RECURSION = YES;
				CLANG_WARN_INT_CONVERSION = YES;
				CLANG_WARN_NON_LITERAL_NULL_CONVERSION = YES;
				CLANG_WARN_OBJC_IMPLICIT_RETAIN_SELF = YES;
				CLANG_WARN_OBJC_LITERAL_CONVERSION = YES;
				CLANG_WARN_OBJC_ROOT_CLASS = YES_ERROR;
				CLANG_WARN_QUOTED_INCLUDE_IN_FRAMEWORK_HEADER = YES;
				CLANG_WARN_RANGE_LOOP_ANALYSIS = YES;
				CLANG_WARN_STRICT_PROTOTYPES = YES;
				CLANG_WARN_SUSPICIOUS_MOVE = YES;
				CLANG_WARN_UNGUARDED_AVAILABILITY = YES_AGGRESSIVE;
				CLANG_WARN_UNREACHABLE_CODE = YES;
				CLANG_WARN__DUPLICATE_METHOD_MATCH = YES;
				COPY_PHASE_STRIP = NO;
				DEBUG_INFORMATION_FORMAT = dwarf;
				ENABLE_STRICT_OBJC_MSGSEND = YES;
				ENABLE_TESTABILITY = YES;
				GCC_C_LANGUAGE_STANDARD = gnu11;
				GCC_DYNAMIC_NO_PIC = NO;
				GCC_NO_COMMON_BLOCKS = YES;
				GCC_OPTIMIZATION_LEVEL = 0;
				GCC_PREPROCESSOR_DEFINITIONS = (
					"DEBUG=1",
					"$(inherited)",
				);
				GCC_WARN_64_TO_32_BIT_CONVERSION = YES;
				GCC_WARN_ABOUT_RETURN_TYPE = YES_ERROR;
				GCC_WARN_UNDECLARED_SELECTOR = YES;
				GCC_WARN_UNINITIALIZED_AUTOS = YES_AGGRESSIVE;
				GCC_WARN_UNUSED_FUNCTION = YES;
				GCC_WARN_UNUSED_VARIABLE = YES;
				IPHONEOS_DEPLOYMENT_TARGET = 16.0;
				MTL_ENABLE_DEBUG_INFO = INCLUDE_SOURCE;
				MTL_FAST_MATH = YES;
				ONLY_ACTIVE_ARCH = YES;
				SDKROOT = iphoneos;
				SWIFT_ACTIVE_COMPILATION_CONDITIONS = DEBUG;
				SWIFT_OPTIMIZATION_LEVEL = "-Onone";
			};
			name = Debug;
		};
		05F070F8290FE9F60041966F /* Release */ = {
			isa = XCBuildConfiguration;
			buildSettings = {
				ALWAYS_SEARCH_USER_PATHS = NO;
				CLANG_ANALYZER_NONNULL = YES;
				CLANG_ANALYZER_NUMBER_OBJECT_CONVERSION = YES_AGGRESSIVE;
				CLANG_CXX_LANGUAGE_STANDARD = "gnu++20";
				CLANG_ENABLE_MODULES = YES;
				CLANG_ENABLE_OBJC_ARC = YES;
				CLANG_ENABLE_OBJC_WEAK = YES;
				CLANG_WARN_BLOCK_CAPTURE_AUTORELEASING = YES;
				CLANG_WARN_BOOL_CONVERSION = YES;
				CLANG_WARN_COMMA = YES;
				CLANG_WARN_CONSTANT_CONVERSION = YES;
				CLANG_WARN_DEPRECATED_OBJC_IMPLEMENTATIONS = YES;
				CLANG_WARN_DIRECT_OBJC_ISA_USAGE = YES_ERROR;
				CLANG_WARN_DOCUMENTATION_COMMENTS = YES;
				CLANG_WARN_EMPTY_BODY = YES;
				CLANG_WARN_ENUM_CONVERSION = YES;
				CLANG_WARN_INFINITE_RECURSION = YES;
				CLANG_WARN_INT_CONVERSION = YES;
				CLANG_WARN_NON_LITERAL_NULL_CONVERSION = YES;
				CLANG_WARN_OBJC_IMPLICIT_RETAIN_SELF = YES;
				CLANG_WARN_OBJC_LITERAL_CONVERSION = YES;
				CLANG_WARN_OBJC_ROOT_CLASS = YES_ERROR;
				CLANG_WARN_QUOTED_INCLUDE_IN_FRAMEWORK_HEADER = YES;
				CLANG_WARN_RANGE_LOOP_ANALYSIS = YES;
				CLANG_WARN_STRICT_PROTOTYPES = YES;
				CLANG_WARN_SUSPICIOUS_MOVE = YES;
				CLANG_WARN_UNGUARDED_AVAILABILITY = YES_AGGRESSIVE;
				CLANG_WARN_UNREACHABLE_CODE = YES;
				CLANG_WARN__DUPLICATE_METHOD_MATCH = YES;
				COPY_PHASE_STRIP = NO;
				DEBUG_INFORMATION_FORMAT = "dwarf-with-dsym";
				ENABLE_NS_ASSERTIONS = NO;
				ENABLE_STRICT_OBJC_MSGSEND = YES;
				GCC_C_LANGUAGE_STANDARD = gnu11;
				GCC_NO_COMMON_BLOCKS = YES;
				GCC_WARN_64_TO_32_BIT_CONVERSION = YES;
				GCC_WARN_ABOUT_RETURN_TYPE = YES_ERROR;
				GCC_WARN_UNDECLARED_SELECTOR = YES;
				GCC_WARN_UNINITIALIZED_AUTOS = YES_AGGRESSIVE;
				GCC_WARN_UNUSED_FUNCTION = YES;
				GCC_WARN_UNUSED_VARIABLE = YES;
				IPHONEOS_DEPLOYMENT_TARGET = 16.0;
				MTL_ENABLE_DEBUG_INFO = NO;
				MTL_FAST_MATH = YES;
				SDKROOT = iphoneos;
				SWIFT_COMPILATION_MODE = wholemodule;
				SWIFT_OPTIMIZATION_LEVEL = "-O";
				VALIDATE_PRODUCT = YES;
			};
			name = Release;
		};
		05F070FA290FE9F60041966F /* Debug */ = {
			isa = XCBuildConfiguration;
			buildSettings = {
				ASSETCATALOG_COMPILER_APPICON_NAME = AppIcon;
				ASSETCATALOG_COMPILER_GLOBAL_ACCENT_COLOR_NAME = AccentColor;
				CODE_SIGN_STYLE = Automatic;
				CURRENT_PROJECT_VERSION = 1;
				GENERATE_INFOPLIST_FILE = YES;
				INFOPLIST_FILE = Hchat/Info.plist;
				INFOPLIST_KEY_UIApplicationSupportsIndirectInputEvents = YES;
				INFOPLIST_KEY_UILaunchStoryboardName = LaunchScreen;
				INFOPLIST_KEY_UIMainStoryboardFile = Main;
				INFOPLIST_KEY_UISupportedInterfaceOrientations_iPad = "UIInterfaceOrientationPortrait UIInterfaceOrientationPortraitUpsideDown UIInterfaceOrientationLandscapeLeft UIInterfaceOrientationLandscapeRight";
				INFOPLIST_KEY_UISupportedInterfaceOrientations_iPhone = "UIInterfaceOrientationPortrait UIInterfaceOrientationLandscapeLeft UIInterfaceOrientationLandscapeRight";
				LD_RUNPATH_SEARCH_PATHS = (
					"$(inherited)",
					"@executable_path/Frameworks",
				);
				MARKETING_VERSION = 1.0;
				PRODUCT_BUNDLE_IDENTIFIER = "Hu-dahan-Altun.Hchat";
				PRODUCT_NAME = "$(TARGET_NAME)";
				SWIFT_EMIT_LOC_STRINGS = YES;
				SWIFT_VERSION = 5.0;
				TARGETED_DEVICE_FAMILY = "1,2";
			};
			name = Debug;
		};
		05F070FB290FE9F60041966F /* Release */ = {
			isa = XCBuildConfiguration;
			buildSettings = {
				ASSETCATALOG_COMPILER_APPICON_NAME = AppIcon;
				ASSETCATALOG_COMPILER_GLOBAL_ACCENT_COLOR_NAME = AccentColor;
				CODE_SIGN_STYLE = Automatic;
				CURRENT_PROJECT_VERSION = 1;
				GENERATE_INFOPLIST_FILE = YES;
				INFOPLIST_FILE = Hchat/Info.plist;
				INFOPLIST_KEY_UIApplicationSupportsIndirectInputEvents = YES;
				INFOPLIST_KEY_UILaunchStoryboardName = LaunchScreen;
				INFOPLIST_KEY_UIMainStoryboardFile = Main;
				INFOPLIST_KEY_UISupportedInterfaceOrientations_iPad = "UIInterfaceOrientationPortrait UIInterfaceOrientationPortraitUpsideDown UIInterfaceOrientationLandscapeLeft UIInterfaceOrientationLandscapeRight";
				INFOPLIST_KEY_UISupportedInterfaceOrientations_iPhone = "UIInterfaceOrientationPortrait UIInterfaceOrientationLandscapeLeft UIInterfaceOrientationLandscapeRight";
				LD_RUNPATH_SEARCH_PATHS = (
					"$(inherited)",
					"@executable_path/Frameworks",
				);
				MARKETING_VERSION = 1.0;
				PRODUCT_BUNDLE_IDENTIFIER = "Hu-dahan-Altun.Hchat";
				PRODUCT_NAME = "$(TARGET_NAME)";
				SWIFT_EMIT_LOC_STRINGS = YES;
				SWIFT_VERSION = 5.0;
				TARGETED_DEVICE_FAMILY = "1,2";
			};
			name = Release;
		};
		05F070FD290FE9F60041966F /* Debug */ = {
			isa = XCBuildConfiguration;
			buildSettings = {
				ALWAYS_EMBED_SWIFT_STANDARD_LIBRARIES = YES;
				BUNDLE_LOADER = "$(TEST_HOST)";
				CODE_SIGN_STYLE = Automatic;
				CURRENT_PROJECT_VERSION = 1;
				GENERATE_INFOPLIST_FILE = YES;
				IPHONEOS_DEPLOYMENT_TARGET = 16.0;
				MARKETING_VERSION = 1.0;
				PRODUCT_BUNDLE_IDENTIFIER = "Hu-dahan-Altun.HchatTests";
				PRODUCT_NAME = "$(TARGET_NAME)";
				SWIFT_EMIT_LOC_STRINGS = NO;
				SWIFT_VERSION = 5.0;
				TARGETED_DEVICE_FAMILY = "1,2";
				TEST_HOST = "$(BUILT_PRODUCTS_DIR)/Hchat.app/$(BUNDLE_EXECUTABLE_FOLDER_PATH)/Hchat";
			};
			name = Debug;
		};
		05F070FE290FE9F60041966F /* Release */ = {
			isa = XCBuildConfiguration;
			buildSettings = {
				ALWAYS_EMBED_SWIFT_STANDARD_LIBRARIES = YES;
				BUNDLE_LOADER = "$(TEST_HOST)";
				CODE_SIGN_STYLE = Automatic;
				CURRENT_PROJECT_VERSION = 1;
				GENERATE_INFOPLIST_FILE = YES;
				IPHONEOS_DEPLOYMENT_TARGET = 16.0;
				MARKETING_VERSION = 1.0;
				PRODUCT_BUNDLE_IDENTIFIER = "Hu-dahan-Altun.HchatTests";
				PRODUCT_NAME = "$(TARGET_NAME)";
				SWIFT_EMIT_LOC_STRINGS = NO;
				SWIFT_VERSION = 5.0;
				TARGETED_DEVICE_FAMILY = "1,2";
				TEST_HOST = "$(BUILT_PRODUCTS_DIR)/Hchat.app/$(BUNDLE_EXECUTABLE_FOLDER_PATH)/Hchat";
			};
			name = Release;
		};
		05F07100290FE9F60041966F /* Debug */ = {
			isa = XCBuildConfiguration;
			buildSettings = {
				ALWAYS_EMBED_SWIFT_STANDARD_LIBRARIES = YES;
				CODE_SIGN_STYLE = Automatic;
				CURRENT_PROJECT_VERSION = 1;
				GENERATE_INFOPLIST_FILE = YES;
				MARKETING_VERSION = 1.0;
				PRODUCT_BUNDLE_IDENTIFIER = "Hu-dahan-Altun.HchatUITests";
				PRODUCT_NAME = "$(TARGET_NAME)";
				SWIFT_EMIT_LOC_STRINGS = NO;
				SWIFT_VERSION = 5.0;
				TARGETED_DEVICE_FAMILY = "1,2";
				TEST_TARGET_NAME = Hchat;
			};
			name = Debug;
		};
		05F07101290FE9F60041966F /* Release */ = {
			isa = XCBuildConfiguration;
			buildSettings = {
				ALWAYS_EMBED_SWIFT_STANDARD_LIBRARIES = YES;
				CODE_SIGN_STYLE = Automatic;
				CURRENT_PROJECT_VERSION = 1;
				GENERATE_INFOPLIST_FILE = YES;
				MARKETING_VERSION = 1.0;
				PRODUCT_BUNDLE_IDENTIFIER = "Hu-dahan-Altun.HchatUITests";
				PRODUCT_NAME = "$(TARGET_NAME)";
				SWIFT_EMIT_LOC_STRINGS = NO;
				SWIFT_VERSION = 5.0;
				TARGETED_DEVICE_FAMILY = "1,2";
				TEST_TARGET_NAME = Hchat;
			};
			name = Release;
		};
/* End XCBuildConfiguration section */

/* Begin XCConfigurationList section */
		05F070CA290FE9F60041966F /* Build configuration list for PBXProject "Hchat" */ = {
			isa = XCConfigurationList;
			buildConfigurations = (
				05F070F7290FE9F60041966F /* Debug */,
				05F070F8290FE9F60041966F /* Release */,
			);
			defaultConfigurationIsVisible = 0;
			defaultConfigurationName = Release;
		};
		05F070F9290FE9F60041966F /* Build configuration list for PBXNativeTarget "Hchat" */ = {
			isa = XCConfigurationList;
			buildConfigurations = (
				05F070FA290FE9F60041966F /* Debug */,
				05F070FB290FE9F60041966F /* Release */,
			);
			defaultConfigurationIsVisible = 0;
			defaultConfigurationName = Release;
		};
		05F070FC290FE9F60041966F /* Build configuration list for PBXNativeTarget "HchatTests" */ = {
			isa = XCConfigurationList;
			buildConfigurations = (
				05F070FD290FE9F60041966F /* Debug */,
				05F070FE290FE9F60041966F /* Release */,
			);
			defaultConfigurationIsVisible = 0;
			defaultConfigurationName = Release;
		};
		05F070FF290FE9F60041966F /* Build configuration list for PBXNativeTarget "HchatUITests" */ = {
			isa = XCConfigurationList;
			buildConfigurations = (
				05F07100290FE9F60041966F /* Debug */,
				05F07101290FE9F60041966F /* Release */,
			);
			defaultConfigurationIsVisible = 0;
			defaultConfigurationName = Release;
		};
/* End XCConfigurationList section */

/* Begin XCRemoteSwiftPackageReference section */
		05F0716929102D570041966F /* XCRemoteSwiftPackageReference "firebase-ios-sdk" */ = {
			isa = XCRemoteSwiftPackageReference;
			repositoryURL = "https://github.com/firebase/firebase-ios-sdk";
			requirement = {
				kind = upToNextMajorVersion;
				minimumVersion = 9.0.0;
			};
		};
/* End XCRemoteSwiftPackageReference section */

/* Begin XCSwiftPackageProductDependency section */
		05F0716A29102D570041966F /* FirebaseAuth */ = {
			isa = XCSwiftPackageProductDependency;
			package = 05F0716929102D570041966F /* XCRemoteSwiftPackageReference "firebase-ios-sdk" */;
			productName = FirebaseAuth;
		};
		05F0716C29102D570041966F /* FirebaseAuthCombine-Community */ = {
			isa = XCSwiftPackageProductDependency;
			package = 05F0716929102D570041966F /* XCRemoteSwiftPackageReference "firebase-ios-sdk" */;
			productName = "FirebaseAuthCombine-Community";
		};
		05F0716E29102D570041966F /* FirebaseDatabase */ = {
			isa = XCSwiftPackageProductDependency;
			package = 05F0716929102D570041966F /* XCRemoteSwiftPackageReference "firebase-ios-sdk" */;
			productName = FirebaseDatabase;
		};
		05F0717029102D570041966F /* FirebaseFirestore */ = {
			isa = XCSwiftPackageProductDependency;
			package = 05F0716929102D570041966F /* XCRemoteSwiftPackageReference "firebase-ios-sdk" */;
			productName = FirebaseFirestore;
		};
/* End XCSwiftPackageProductDependency section */
	};
	rootObject = 05F070C7290FE9F60041966F /* Project object */;
}
